
Microsoft Visual Studio Solution File, Format Version 12.00
# Visual Studio Version 16
VisualStudioVersion = 16.0.30717.126
MinimumVisualStudioVersion = 10.0.40219.1
Project("{FAE04EC0-301F-11D3-BF4B-00C04F79EFBC}") = "RegistrySerialization", "RegistrySerialization.csproj", "{F899380A-4265-4D79-8138-733D19E578BE}"
EndProject
Global
	GlobalSection(SolutionConfigurationPlatforms) = preSolution
		Debug|Any CPU = Debug|Any CPU
		Release|Any CPU = Release|Any CPU
	EndGlobalSection
	GlobalSection(ProjectConfigurationPlatforms) = postSolution
		{F899380A-4265-4D79-8138-733D19E578BE}.Debug|Any CPU.ActiveCfg = Debug|Any CPU
		{F899380A-4265-4D79-8138-733D19E578BE}.Debug|Any CPU.Build.0 = Debug|Any CPU
		{F899380A-4265-4D79-8138-733D19E578BE}.Release|Any CPU.ActiveCfg = Release|Any CPU
		{F899380A-4265-4D79-8138-733D19E578BE}.Release|Any CPU.Build.0 = Release|Any CPU
	EndGlobalSection
	GlobalSection(SolutionProperties) = preSolution
		HideSolutionNode = FALSE
	EndGlobalSection
	GlobalSection(ExtensibilityGlobals) = postSolution
		SolutionGuid = {94D64A85-812C-4E8D-A354-EA94A9BB3E31}
	EndGlobalSection
EndGlobal
